// !$*UTF8*$!
{
	archiveVersion = 1;
	classes = {
	};
	objectVersion = 46;
	objects = {

/* Begin PBXBuildFile section */
		3714C7D91D18E9780019AE49 /* AppDelegate.swift in Sources */ = {isa = PBXBuildFile; fileRef = 3714C7D81D18E9780019AE49 /* AppDelegate.swift */; };
		3714C7DB1D18E9780019AE49 /* ViewController.swift in Sources */ = {isa = PBXBuildFile; fileRef = 3714C7DA1D18E9780019AE49 /* ViewController.swift */; };
		3714C7DE1D18E9780019AE49 /* Main.storyboard in Resources */ = {isa = PBXBuildFile; fileRef = 3714C7DC1D18E9780019AE49 /* Main.storyboard */; };
		3714C7E01D18E9780019AE49 /* Assets.xcassets in Resources */ = {isa = PBXBuildFile; fileRef = 3714C7DF1D18E9780019AE49 /* Assets.xcassets */; };
		3714C7E31D18E9780019AE49 /* LaunchScreen.storyboard in Resources */ = {isa = PBXBuildFile; fileRef = 3714C7E11D18E9780019AE49 /* LaunchScreen.storyboard */; };
		3714C7EE1D18E9790019AE49 /* MemeRajTests.swift in Sources */ = {isa = PBXBuildFile; fileRef = 3714C7ED1D18E9790019AE49 /* MemeRajTests.swift */; };
		3714C7F91D18E9790019AE49 /* MemeRajUITests.swift in Sources */ = {isa = PBXBuildFile; fileRef = 3714C7F81D18E9790019AE49 /* MemeRajUITests.swift */; };
		3737B6371D33DB0A001BDF05 /* MemeRaj.swift in Sources */ = {isa = PBXBuildFile; fileRef = 3737B6361D33DB0A001BDF05 /* MemeRaj.swift */; };
		3737B63B1D341318001BDF05 /* SendMemeCollectionViewController.swift in Sources */ = {isa = PBXBuildFile; fileRef = 3737B63A1D341318001BDF05 /* SendMemeCollectionViewController.swift */; };
		3737B63D1D341CE5001BDF05 /* SendMemeTableViewController.swift in Sources */ = {isa = PBXBuildFile; fileRef = 3737B63C1D341CE5001BDF05 /* SendMemeTableViewController.swift */; };
		3737B63F1D348DCA001BDF05 /* CustonMemeCell.swift in Sources */ = {isa = PBXBuildFile; fileRef = 3737B63E1D348DC9001BDF05 /* CustonMemeCell.swift */; };
/* End PBXBuildFile section */

/* Begin PBXContainerItemProxy section */
		3714C7EA1D18E9790019AE49 /* PBXContainerItemProxy */ = {
			isa = PBXContainerItemProxy;
			containerPortal = 3714C7CD1D18E9780019AE49 /* Project object */;
			proxyType = 1;
			remoteGlobalIDString = 3714C7D41D18E9780019AE49;
			remoteInfo = MemeRaj;
		};
		3714C7F51D18E9790019AE49 /* PBXContainerItemProxy */ = {
			isa = PBXContainerItemProxy;
			containerPortal = 3714C7CD1D18E9780019AE49 /* Project object */;
			proxyType = 1;
			remoteGlobalIDString = 3714C7D41D18E9780019AE49;
			remoteInfo = MemeRaj;
		};
/* End PBXContainerItemProxy section */

/* Begin PBXFileReference section */
		3714C7D51D18E9780019AE49 /* MemeRaj.app */ = {isa = PBXFileReference; explicitFileType = wrapper.application; includeInIndex = 0; path = MemeRaj.app; sourceTree = BUILT_PRODUCTS_DIR; };
		3714C7D81D18E9780019AE49 /* AppDelegate.swift */ = {isa = PBXFileReference; lastKnownFileType = sourcecode.swift; path = AppDelegate.swift; sourceTree = "<group>"; };
		3714C7DA1D18E9780019AE49 /* ViewController.swift */ = {isa = PBXFileReference; lastKnownFileType = sourcecode.swift; path = ViewController.swift; sourceTree = "<group>"; };
		3714C7DD1D18E9780019AE49 /* Base */ = {isa = PBXFileReference; lastKnownFileType = file.storyboard; name = Base; path = Base.lproj/Main.storyboard; sourceTree = "<group>"; };
		3714C7DF1D18E9780019AE49 /* Assets.xcassets */ = {isa = PBXFileReference; lastKnownFileType = folder.assetcatalog; path = Assets.xcassets; sourceTree = "<group>"; };
		3714C7E21D18E9780019AE49 /* Base */ = {isa = PBXFileReference; lastKnownFileType = file.storyboard; name = Base; path = Base.lproj/LaunchScreen.storyboard; sourceTree = "<group>"; };
		3714C7E41D18E9780019AE49 /* Info.plist */ = {isa = PBXFileReference; lastKnownFileType = text.plist.xml; path = Info.plist; sourceTree = "<group>"; };
		3714C7E91D18E9790019AE49 /* MemeRajTests.xctest */ = {isa = PBXFileReference; explicitFileType = wrapper.cfbundle; includeInIndex = 0; path = MemeRajTests.xctest; sourceTree = BUILT_PRODUCTS_DIR; };
		3714C7ED1D18E9790019AE49 /* MemeRajTests.swift */ = {isa = PBXFileReference; lastKnownFileType = sourcecode.swift; path = MemeRajTests.swift; sourceTree = "<group>"; };
		3714C7EF1D18E9790019AE49 /* Info.plist */ = {isa = PBXFileReference; lastKnownFileType = text.plist.xml; path = Info.plist; sourceTree = "<group>"; };
		3714C7F41D18E9790019AE49 /* MemeRajUITests.xctest */ = {isa = PBXFileReference; explicitFileType = wrapper.cfbundle; includeInIndex = 0; path = MemeRajUITests.xctest; sourceTree = BUILT_PRODUCTS_DIR; };
		3714C7F81D18E9790019AE49 /* MemeRajUITests.swift */ = {isa = PBXFileReference; lastKnownFileType = sourcecode.swift; path = MemeRajUITests.swift; sourceTree = "<group>"; };
		3714C7FA1D18E9790019AE49 /* Info.plist */ = {isa = PBXFileReference; lastKnownFileType = text.plist.xml; path = Info.plist; sourceTree = "<group>"; };
		3737B6361D33DB0A001BDF05 /* MemeRaj.swift */ = {isa = PBXFileReference; fileEncoding = 4; lastKnownFileType = sourcecode.swift; path = MemeRaj.swift; sourceTree = "<group>"; };
		3737B63A1D341318001BDF05 /* SendMemeCollectionViewController.swift */ = {isa = PBXFileReference; fileEncoding = 4; lastKnownFileType = sourcecode.swift; path = SendMemeCollectionViewController.swift; sourceTree = "<group>"; };
		3737B63C1D341CE5001BDF05 /* SendMemeTableViewController.swift */ = {isa = PBXFileReference; fileEncoding = 4; lastKnownFileType = sourcecode.swift; path = SendMemeTableViewController.swift; sourceTree = "<group>"; };
		3737B63E1D348DC9001BDF05 /* CustonMemeCell.swift */ = {isa = PBXFileReference; fileEncoding = 4; lastKnownFileType = sourcecode.swift; path = CustonMemeCell.swift; sourceTree = "<group>"; };
/* End PBXFileReference section */

/* Begin PBXFrameworksBuildPhase section */
		3714C7D21D18E9780019AE49 /* Frameworks */ = {
			isa = PBXFrameworksBuildPhase;
			buildActionMask = 2147483647;
			files = (
			);
			runOnlyForDeploymentPostprocessing = 0;
		};
		3714C7E61D18E9790019AE49 /* Frameworks */ = {
			isa = PBXFrameworksBuildPhase;
			buildActionMask = 2147483647;
			files = (
			);
			runOnlyForDeploymentPostprocessing = 0;
		};
		3714C7F11D18E9790019AE49 /* Frameworks */ = {
			isa = PBXFrameworksBuildPhase;
			buildActionMask = 2147483647;
			files = (
			);
			runOnlyForDeploymentPostprocessing = 0;
		};
/* End PBXFrameworksBuildPhase section */

/* Begin PBXGroup section */
		3714C7CC1D18E9780019AE49 = {
			isa = PBXGroup;
			children = (
				3714C7D71D18E9780019AE49 /* MemeRaj */,
				3714C7EC1D18E9790019AE49 /* MemeRajTests */,
				3714C7F71D18E9790019AE49 /* MemeRajUITests */,
				3714C7D61D18E9780019AE49 /* Products */,
			);
			sourceTree = "<group>";
		};
		3714C7D61D18E9780019AE49 /* Products */ = {
			isa = PBXGroup;
			children = (
				3714C7D51D18E9780019AE49 /* MemeRaj.app */,
				3714C7E91D18E9790019AE49 /* MemeRajTests.xctest */,
				3714C7F41D18E9790019AE49 /* MemeRajUITests.xctest */,
			);
			name = Products;
			sourceTree = "<group>";
		};
		3714C7D71D18E9780019AE49 /* MemeRaj */ = {
			isa = PBXGroup;
			children = (
				3714C7D81D18E9780019AE49 /* AppDelegate.swift */,
				3714C7DA1D18E9780019AE49 /* ViewController.swift */,
				3737B6361D33DB0A001BDF05 /* MemeRaj.swift */,
				3714C7DC1D18E9780019AE49 /* Main.storyboard */,
				3714C7DF1D18E9780019AE49 /* Assets.xcassets */,
				3714C7E11D18E9780019AE49 /* LaunchScreen.storyboard */,
				3714C7E41D18E9780019AE49 /* Info.plist */,
				3737B63A1D341318001BDF05 /* SendMemeCollectionViewController.swift */,
				3737B63C1D341CE5001BDF05 /* SendMemeTableViewController.swift */,
				3737B63E1D348DC9001BDF05 /* CustonMemeCell.swift */,
			);
			path = MemeRaj;
			sourceTree = "<group>";
		};
		3714C7EC1D18E9790019AE49 /* MemeRajTests */ = {
			isa = PBXGroup;
			children = (
				3714C7ED1D18E9790019AE49 /* MemeRajTests.swift */,
				3714C7EF1D18E9790019AE49 /* Info.plist */,
			);
			path = MemeRajTests;
			sourceTree = "<group>";
		};
		3714C7F71D18E9790019AE49 /* MemeRajUITests */ = {
			isa = PBXGroup;
			children = (
				3714C7F81D18E9790019AE49 /* MemeRajUITests.swift */,
				3714C7FA1D18E9790019AE49 /* Info.plist */,
			);
			path = MemeRajUITests;
			sourceTree = "<group>";
		};
/* End PBXGroup section */

/* Begin PBXNativeTarget section */
		3714C7D41D18E9780019AE49 /* MemeRaj */ = {
			isa = PBXNativeTarget;
			buildConfigurationList = 3714C7FD1D18E9790019AE49 /* Build configuration list for PBXNativeTarget "MemeRaj" */;
			buildPhases = (
				3714C7D11D18E9780019AE49 /* Sources */,
				3714C7D21D18E9780019AE49 /* Frameworks */,
				3714C7D31D18E9780019AE49 /* Resources */,
			);
			buildRules = (
			);
			dependencies = (
			);
			name = MemeRaj;
			productName = MemeRaj;
			productReference = 3714C7D51D18E9780019AE49 /* MemeRaj.app */;
			productType = "com.apple.product-type.application";
		};
		3714C7E81D18E9790019AE49 /* MemeRajTests */ = {
			isa = PBXNativeTarget;
			buildConfigurationList = 3714C8001D18E9790019AE49 /* Build configuration list for PBXNativeTarget "MemeRajTests" */;
			buildPhases = (
				3714C7E51D18E9790019AE49 /* Sources */,
				3714C7E61D18E9790019AE49 /* Frameworks */,
				3714C7E71D18E9790019AE49 /* Resources */,
			);
			buildRules = (
			);
			dependencies = (
				3714C7EB1D18E9790019AE49 /* PBXTargetDependency */,
			);
			name = MemeRajTests;
			productName = MemeRajTests;
			productReference = 3714C7E91D18E9790019AE49 /* MemeRajTests.xctest */;
			productType = "com.apple.product-type.bundle.unit-test";
		};
		3714C7F31D18E9790019AE49 /* MemeRajUITests */ = {
			isa = PBXNativeTarget;
			buildConfigurationList = 3714C8031D18E9790019AE49 /* Build configuration list for PBXNativeTarget "MemeRajUITests" */;
			buildPhases = (
				3714C7F01D18E9790019AE49 /* Sources */,
				3714C7F11D18E9790019AE49 /* Frameworks */,
				3714C7F21D18E9790019AE49 /* Resources */,
			);
			buildRules = (
			);
			dependencies = (
				3714C7F61D18E9790019AE49 /* PBXTargetDependency */,
			);
			name = MemeRajUITests;
			productName = MemeRajUITests;
			productReference = 3714C7F41D18E9790019AE49 /* MemeRajUITests.xctest */;
			productType = "com.apple.product-type.bundle.ui-testing";
		};
/* End PBXNativeTarget section */

/* Begin PBXProject section */
		3714C7CD1D18E9780019AE49 /* Project object */ = {
			isa = PBXProject;
			attributes = {
				LastSwiftUpdateCheck = 0730;
				LastUpgradeCheck = 0730;
				ORGANIZATIONNAME = "Vivin Raj";
				TargetAttributes = {
					3714C7D41D18E9780019AE49 = {
						CreatedOnToolsVersion = 7.3.1;
					};
					3714C7E81D18E9790019AE49 = {
						CreatedOnToolsVersion = 7.3.1;
						TestTargetID = 3714C7D41D18E9780019AE49;
					};
					3714C7F31D18E9790019AE49 = {
						CreatedOnToolsVersion = 7.3.1;
						TestTargetID = 3714C7D41D18E9780019AE49;
					};
				};
			};
			buildConfigurationList = 3714C7D01D18E9780019AE49 /* Build configuration list for PBXProject "MemeRaj" */;
			compatibilityVersion = "Xcode 3.2";
			developmentRegion = English;
			hasScannedForEncodings = 0;
			knownRegions = (
				en,
				Base,
			);
			mainGroup = 3714C7CC1D18E9780019AE49;
			productRefGroup = 3714C7D61D18E9780019AE49 /* Products */;
			projectDirPath = "";
			projectRoot = "";
			targets = (
				3714C7D41D18E9780019AE49 /* MemeRaj */,
				3714C7E81D18E9790019AE49 /* MemeRajTests */,
				3714C7F31D18E9790019AE49 /* MemeRajUITests */,
			);
		};
/* End PBXProject section */

/* Begin PBXResourcesBuildPhase section */
		3714C7D31D18E9780019AE49 /* Resources */ = {
			isa = PBXResourcesBuildPhase;
			buildActionMask = 2147483647;
			files = (
				3714C7E31D18E9780019AE49 /* LaunchScreen.storyboard in Resources */,
				3714C7E01D18E9780019AE49 /* Assets.xcassets in Resources */,
				3714C7DE1D18E9780019AE49 /* Main.storyboard in Resources */,
			);
			runOnlyForDeploymentPostprocessing = 0;
		};
		3714C7E71D18E9790019AE49 /* Resources */ = {
			isa = PBXResourcesBuildPhase;
			buildActionMask = 2147483647;
			files = (
			);
			runOnlyForDeploymentPostprocessing = 0;
		};
		3714C7F21D18E9790019AE49 /* Resources */ = {
			isa = PBXResourcesBuildPhase;
			buildActionMask = 2147483647;
			files = (
			);
			runOnlyForDeploymentPostprocessing = 0;
		};
/* End PBXResourcesBuildPhase section */

/* Begin PBXSourcesBuildPhase section */
		3714C7D11D18E9780019AE49 /* Sources */ = {
			isa = PBXSourcesBuildPhase;
			buildActionMask = 2147483647;
			files = (
				3737B63D1D341CE5001BDF05 /* SendMemeTableViewController.swift in Sources */,
				3737B63F1D348DCA001BDF05 /* CustonMemeCell.swift in Sources */,
				3737B63B1D341318001BDF05 /* SendMemeCollectionViewController.swift in Sources */,
				3737B6371D33DB0A001BDF05 /* MemeRaj.swift in Sources */,
				3714C7DB1D18E9780019AE49 /* ViewController.swift in Sources */,
				3714C7D91D18E9780019AE49 /* AppDelegate.swift in Sources */,
			);
			runOnlyForDeploymentPostprocessing = 0;
		};
		3714C7E51D18E9790019AE49 /* Sources */ = {
			isa = PBXSourcesBuildPhase;
			buildActionMask = 2147483647;
			files = (
				3714C7EE1D18E9790019AE49 /* MemeRajTests.swift in Sources */,
			);
			runOnlyForDeploymentPostprocessing = 0;
		};
		3714C7F01D18E9790019AE49 /* Sources */ = {
			isa = PBXSourcesBuildPhase;
			buildActionMask = 2147483647;
			files = (
				3714C7F91D18E9790019AE49 /* MemeRajUITests.swift in Sources */,
			);
			runOnlyForDeploymentPostprocessing = 0;
		};
/* End PBXSourcesBuildPhase section */

/* Begin PBXTargetDependency section */
		3714C7EB1D18E9790019AE49 /* PBXTargetDependency */ = {
			isa = PBXTargetDependency;
			target = 3714C7D41D18E9780019AE49 /* MemeRaj */;
			targetProxy = 3714C7EA1D18E9790019AE49 /* PBXContainerItemProxy */;
		};
		3714C7F61D18E9790019AE49 /* PBXTargetDependency */ = {
			isa = PBXTargetDependency;
			target = 3714C7D41D18E9780019AE49 /* MemeRaj */;
			targetProxy = 3714C7F51D18E9790019AE49 /* PBXContainerItemProxy */;
		};
/* End PBXTargetDependency section */

/* Begin PBXVariantGroup section */
		3714C7DC1D18E9780019AE49 /* Main.storyboard */ = {
			isa = PBXVariantGroup;
			children = (
				3714C7DD1D18E9780019AE49 /* Base */,
			);
			name = Main.storyboard;
			sourceTree = "<group>";
		};
		3714C7E11D18E9780019AE49 /* LaunchScreen.storyboard */ = {
			isa = PBXVariantGroup;
			children = (
				3714C7E21D18E9780019AE49 /* Base */,
			);
			name = LaunchScreen.storyboard;
			sourceTree = "<group>";
		};
/* End PBXVariantGroup section */

/* Begin XCBuildConfiguration section */
		3714C7FB1D18E9790019AE49 /* Debug */ = {
			isa = XCBuildConfiguration;
			buildSettings = {
				ALWAYS_SEARCH_USER_PATHS = NO;
				CLANG_ANALYZER_NONNULL = YES;
				CLANG_CXX_LANGUAGE_STANDARD = "gnu++0x";
				CLANG_CXX_LIBRARY = "libc++";
				CLANG_ENABLE_MODULES = YES;
				CLANG_ENABLE_OBJC_ARC = YES;
				CLANG_WARN_BOOL_CONVERSION = YES;
				CLANG_WARN_CONSTANT_CONVERSION = YES;
				CLANG_WARN_DIRECT_OBJC_ISA_USAGE = YES_ERROR;
				CLANG_WARN_EMPTY_BODY = YES;
				CLANG_WARN_ENUM_CONVERSION = YES;
				CLANG_WARN_INT_CONVERSION = YES;
				CLANG_WARN_OBJC_ROOT_CLASS = YES_ERROR;
				CLANG_WARN_UNREACHABLE_CODE = YES;
				CLANG_WARN__DUPLICATE_METHOD_MATCH = YES;
				"CODE_SIGN_IDENTITY[sdk=iphoneos*]" = "iPhone Developer";
				COPY_PHASE_STRIP = NO;
				DEBUG_INFORMATION_FORMAT = dwarf;
				ENABLE_STRICT_OBJC_MSGSEND = YES;
				ENABLE_TESTABILITY = YES;
				GCC_C_LANGUAGE_STANDARD = gnu99;
				GCC_DYNAMIC_NO_PIC = NO;
				GCC_NO_COMMON_BLOCKS = YES;
				GCC_OPTIMIZATION_LEVEL = 0;
				GCC_PREPROCESSOR_DEFINITIONS = (
					"DEBUG=1",
					"$(inherited)",
				);
				GCC_WARN_64_TO_32_BIT_CONVERSION = YES;
				GCC_WARN_ABOUT_RETURN_TYPE = YES_ERROR;
				GCC_WARN_UNDECLARED_SELECTOR = YES;
				GCC_WARN_UNINITIALIZED_AUTOS = YES_AGGRESSIVE;
				GCC_WARN_UNUSED_FUNCTION = YES;
				GCC_WARN_UNUSED_VARIABLE = YES;
				IPHONEOS_DEPLOYMENT_TARGET = 9.3;
				MTL_ENABLE_DEBUG_INFO = YES;
				ONLY_ACTIVE_ARCH = YES;
				SDKROOT = iphoneos;
				SWIFT_OPTIMIZATION_LEVEL = "-Onone";
				TARGETED_DEVICE_FAMILY = "1,2";
			};
			name = Debug;
		};
		3714C7FC1D18E9790019AE49 /* Release */ = {
			isa = XCBuildConfiguration;
			buildSettings = {
				ALWAYS_SEARCH_USER_PATHS = NO;
				CLANG_ANALYZER_NONNULL = YES;
				CLANG_CXX_LANGUAGE_STANDARD = "gnu++0x";
				CLANG_CXX_LIBRARY = "libc++";
				CLANG_ENABLE_MODULES = YES;
				CLANG_ENABLE_OBJC_ARC = YES;
				CLANG_WARN_BOOL_CONVERSION = YES;
				CLANG_WARN_CONSTANT_CONVERSION = YES;
				CLANG_WARN_DIRECT_OBJC_ISA_USAGE = YES_ERROR;
				CLANG_WARN_EMPTY_BODY = YES;
				CLANG_WARN_ENUM_CONVERSION = YES;
				CLANG_WARN_INT_CONVERSION = YES;
				CLANG_WARN_OBJC_ROOT_CLASS = YES_ERROR;
				CLANG_WARN_UNREACHABLE_CODE = YES;
				CLANG_WARN__DUPLICATE_METHOD_MATCH = YES;
				"CODE_SIGN_IDENTITY[sdk=iphoneos*]" = "iPhone Developer";
				COPY_PHASE_STRIP = NO;
				DEBUG_INFORMATION_FORMAT = "dwarf-with-dsym";
				ENABLE_NS_ASSERTIONS = NO;
				ENABLE_STRICT_OBJC_MSGSEND = YES;
				GCC_C_LANGUAGE_STANDARD = gnu99;
				GCC_NO_COMMON_BLOCKS = YES;
				GCC_WARN_64_TO_32_BIT_CONVERSION = YES;
				GCC_WARN_ABOUT_RETURN_TYPE = YES_ERROR;
				GCC_WARN_UNDECLARED_SELECTOR = YES;
				GCC_WARN_UNINITIALIZED_AUTOS = YES_AGGRESSIVE;
				GCC_WARN_UNUSED_FUNCTION = YES;
				GCC_WARN_UNUSED_VARIABLE = YES;
				IPHONEOS_DEPLOYMENT_TARGET = 9.3;
				MTL_ENABLE_DEBUG_INFO = NO;
				SDKROOT = iphoneos;
				TARGETED_DEVICE_FAMILY = "1,2";
				VALIDATE_PRODUCT = YES;
			};
			name = Release;
		};
		3714C7FE1D18E9790019AE49 /* Debug */ = {
			isa = XCBuildConfiguration;
			buildSettings = {
				ASSETCATALOG_COMPILER_APPICON_NAME = AppIcon;
				INFOPLIST_FILE = MemeRaj/Info.plist;
				LD_RUNPATH_SEARCH_PATHS = "$(inherited) @executable_path/Frameworks";
				PRODUCT_BUNDLE_IDENTIFIER = VR.MemeRaj;
				PRODUCT_NAME = "$(TARGET_NAME)";
			};
			name = Debug;
		};
		3714C7FF1D18E9790019AE49 /* Release */ = {
			isa = XCBuildConfiguration;
			buildSettings = {
				ASSETCATALOG_COMPILER_APPICON_NAME = AppIcon;
				INFOPLIST_FILE = MemeRaj/Info.plist;
				LD_RUNPATH_SEARCH_PATHS = "$(inherited) @executable_path/Frameworks";
				PRODUCT_BUNDLE_IDENTIFIER = VR.MemeRaj;
				PRODUCT_NAME = "$(TARGET_NAME)";
			};
			name = Release;
		};
		3714C8011D18E9790019AE49 /* Debug */ = {
			isa = XCBuildConfiguration;
			buildSettings = {
				BUNDLE_LOADER = "$(TEST_HOST)";
				INFOPLIST_FILE = MemeRajTests/Info.plist;
				LD_RUNPATH_SEARCH_PATHS = "$(inherited) @executable_path/Frameworks @loader_path/Frameworks";
				PRODUCT_BUNDLE_IDENTIFIER = VR.MemeRajTests;
				PRODUCT_NAME = "$(TARGET_NAME)";
				TEST_HOST = "$(BUILT_PRODUCTS_DIR)/MemeRaj.app/MemeRaj";
			};
			name = Debug;
		};
		3714C8021D18E9790019AE49 /* Release */ = {
			isa = XCBuildConfiguration;
			buildSettings = {
				BUNDLE_LOADER = "$(TEST_HOST)";
				INFOPLIST_FILE = MemeRajTests/Info.plist;
				LD_RUNPATH_SEARCH_PATHS = "$(inherited) @executable_path/Frameworks @loader_path/Frameworks";
				PRODUCT_BUNDLE_IDENTIFIER = VR.MemeRajTests;
				PRODUCT_NAME = "$(TARGET_NAME)";
				TEST_HOST = "$(BUILT_PRODUCTS_DIR)/MemeRaj.app/MemeRaj";
			};
			name = Release;
		};
		3714C8041D18E9790019AE49 /* Debug */ = {
			isa = XCBuildConfiguration;
			buildSettings = {
				INFOPLIST_FILE = MemeRajUITests/Info.plist;
				LD_RUNPATH_SEARCH_PATHS = "$(inherited) @executable_path/Frameworks @loader_path/Frameworks";
				PRODUCT_BUNDLE_IDENTIFIER = VR.MemeRajUITests;
				PRODUCT_NAME = "$(TARGET_NAME)";
				TEST_TARGET_NAME = MemeRaj;
			};
			name = Debug;
		};
		3714C8051D18E9790019AE49 /* Release */ = {
			isa = XCBuildConfiguration;
			buildSettings = {
				INFOPLIST_FILE = MemeRajUITests/Info.plist;
				LD_RUNPATH_SEARCH_PATHS = "$(inherited) @executable_path/Frameworks @loader_path/Frameworks";
				PRODUCT_BUNDLE_IDENTIFIER = VR.MemeRajUITests;
				PRODUCT_NAME = "$(TARGET_NAME)";
				TEST_TARGET_NAME = MemeRaj;
			};
			name = Release;
		};
/* End XCBuildConfiguration section */

/* Begin XCConfigurationList section */
		3714C7D01D18E9780019AE49 /* Build configuration list for PBXProject "MemeRaj" */ = {
			isa = XCConfigurationList;
			buildConfigurations = (
				3714C7FB1D18E9790019AE49 /* Debug */,
				3714C7FC1D18E9790019AE49 /* Release */,
			);
			defaultConfigurationIsVisible = 0;
			defaultConfigurationName = Release;
		};
		3714C7FD1D18E9790019AE49 /* Build configuration list for PBXNativeTarget "MemeRaj" */ = {
			isa = XCConfigurationList;
			buildConfigurations = (
				3714C7FE1D18E9790019AE49 /* Debug */,
				3714C7FF1D18E9790019AE49 /* Release */,
			);
			defaultConfigurationIsVisible = 0;
			defaultConfigurationName = Release;
		};
		3714C8001D18E9790019AE49 /* Build configuration list for PBXNativeTarget "MemeRajTests" */ = {
			isa = XCConfigurationList;
			buildConfigurations = (
				3714C8011D18E9790019AE49 /* Debug */,
				3714C8021D18E9790019AE49 /* Release */,
			);
			defaultConfigurationIsVisible = 0;
			defaultConfigurationName = Release;
		};
		3714C8031D18E9790019AE49 /* Build configuration list for PBXNativeTarget "MemeRajUITests" */ = {
			isa = XCConfigurationList;
			buildConfigurations = (
				3714C8041D18E9790019AE49 /* Debug */,
				3714C8051D18E9790019AE49 /* Release */,
			);
			defaultConfigurationIsVisible = 0;
			defaultConfigurationName = Release;
		};
/* End XCConfigurationList section */
	};
	rootObject = 3714C7CD1D18E9780019AE49 /* Project object */;
}
